Microsoft Visual Studio Solution File, Format Version 12.00
# Visual Studio 2012
Project("{FAE04EC0-301F-11D3-BF4B-00C04F79EFBC}") = "Microsoft.VisualStudioTools.Project", "Microsoft.VisualStudioTools.Project\Microsoft.VisualStudioTools.Project.csproj", "{542FF483-10BC-492B-A38D-94377CA69C49}"
EndProject
Project("{EDCC3B85-0BAD-11DB-BC1A-00112FDE8B61}") = "Nemerle.VisualStudio", "Nemerle.VisualStudio\Nemerle.VisualStudio.nproj", "{67CDB852-248A-46DF-8020-9573D93D4741}"
EndProject
Project("{EDCC3B85-0BAD-11DB-BC1A-00112FDE8B61}") = "Nemerle.WPF-VS_2012", "..\snippets\Nemerle.WPF\Nemerle.WPF\Nemerle.WPF-VS_2012.nproj", "{1F6CA7DA-F1EF-4B4E-80E2-272C41761B3F}"
EndProject
Project("{2150E333-8FDC-42A3-9474-1A3956D46DE8}") = "Docs", "Docs", "{B56F6A01-F00D-45CE-8E89-8C0548401C9E}"
	ProjectSection(SolutionItems) = preProject
		Docs\File types and extensions in Visual Studio 2012.docx = Docs\File types and extensions in Visual Studio 2012.docx
	EndProjectSection
EndProject
Global
	GlobalSection(SolutionConfigurationPlatforms) = preSolution
		Debug|x86 = Debug|x86
		Release|x86 = Release|x86
	EndGlobalSection
	GlobalSection(ProjectConfigurationPlatforms) = postSolution
		{542FF483-10BC-492B-A38D-94377CA69C49}.Debug|x86.ActiveCfg = Debug|x86
		{542FF483-10BC-492B-A38D-94377CA69C49}.Debug|x86.Build.0 = Debug|x86
		{542FF483-10BC-492B-A38D-94377CA69C49}.Release|x86.ActiveCfg = Release|x86
		{542FF483-10BC-492B-A38D-94377CA69C49}.Release|x86.Build.0 = Release|x86
		{67CDB852-248A-46DF-8020-9573D93D4741}.Debug|x86.ActiveCfg = Debug|x86
		{67CDB852-248A-46DF-8020-9573D93D4741}.Debug|x86.Build.0 = Debug|x86
		{67CDB852-248A-46DF-8020-9573D93D4741}.Release|x86.ActiveCfg = Release|x86
		{67CDB852-248A-46DF-8020-9573D93D4741}.Release|x86.Build.0 = Release|x86
		{1F6CA7DA-F1EF-4B4E-80E2-272C41761B3F}.Debug|x86.ActiveCfg = Debug|x86
		{1F6CA7DA-F1EF-4B4E-80E2-272C41761B3F}.Debug|x86.Build.0 = Debug|x86
		{1F6CA7DA-F1EF-4B4E-80E2-272C41761B3F}.Release|x86.ActiveCfg = Release|x86
		{1F6CA7DA-F1EF-4B4E-80E2-272C41761B3F}.Release|x86.Build.0 = Release|x86
	EndGlobalSection
	GlobalSection(SolutionProperties) = preSolution
		HideSolutionNode = FALSE
	EndGlobalSection
EndGlobal
